Microsoft Visual Studio Solution File, Format Version 12.00
# Visual Studio 2013
Project("{8BC9CEB8-8B4A-11D0-8D11-00A0C91BC942}") = "ALL_BUILD", "ALL_BUILD.vcxproj", "{FDF69FAB-3EDF-4976-9475-4A1B82726E92}"
	ProjectSection(ProjectDependencies) = postProject
		{55AD67D0-C62B-4127-B8FB-B66E4872BBBD} = {55AD67D0-C62B-4127-B8FB-B66E4872BBBD}
		{3D21F5C5-5066-4792-A2D5-90C888510DB4} = {3D21F5C5-5066-4792-A2D5-90C888510DB4}
	EndProjectSection
EndProject
Project("{8BC9CEB8-8B4A-11D0-8D11-00A0C91BC942}") = "INSTALL", "INSTALL.vcxproj", "{D1F57EC0-8199-4DE4-B3C3-296D7DFD6B9B}"
	ProjectSection(ProjectDependencies) = postProject
		{FDF69FAB-3EDF-4976-9475-4A1B82726E92} = {FDF69FAB-3EDF-4976-9475-4A1B82726E92}
	EndProjectSection
EndProject
Project("{8BC9CEB8-8B4A-11D0-8D11-00A0C91BC942}") = "ZERO_CHECK", "ZERO_CHECK.vcxproj", "{55AD67D0-C62B-4127-B8FB-B66E4872BBBD}"
	ProjectSection(ProjectDependencies) = postProject
	EndProjectSection
EndProject
Project("{8BC9CEB8-8B4A-11D0-8D11-00A0C91BC942}") = "limit_adjuster_gta3vcsa", "src\limit_adjuster_gta3vcsa.vcxproj", "{3D21F5C5-5066-4792-A2D5-90C888510DB4}"
	ProjectSection(ProjectDependencies) = postProject
		{55AD67D0-C62B-4127-B8FB-B66E4872BBBD} = {55AD67D0-C62B-4127-B8FB-B66E4872BBBD}
	EndProjectSection
EndProject
Global
	GlobalSection(SolutionConfigurationPlatforms) = preSolution
		Debug|Win32 = Debug|Win32
		Release|Win32 = Release|Win32
		MinSizeRel|Win32 = MinSizeRel|Win32
		RelWithDebInfo|Win32 = RelWithDebInfo|Win32
	EndGlobalSection
	GlobalSection(ProjectConfigurationPlatforms) = postSolution
		{FDF69FAB-3EDF-4976-9475-4A1B82726E92}.Debug|Win32.ActiveCfg = Debug|Win32
		{FDF69FAB-3EDF-4976-9475-4A1B82726E92}.Debug|Win32.Build.0 = Debug|Win32
		{FDF69FAB-3EDF-4976-9475-4A1B82726E92}.Release|Win32.ActiveCfg = Release|Win32
		{FDF69FAB-3EDF-4976-9475-4A1B82726E92}.Release|Win32.Build.0 = Release|Win32
		{FDF69FAB-3EDF-4976-9475-4A1B82726E92}.MinSizeRel|Win32.ActiveCfg = MinSizeRel|Win32
		{FDF69FAB-3EDF-4976-9475-4A1B82726E92}.MinSizeRel|Win32.Build.0 = MinSizeRel|Win32
		{FDF69FAB-3EDF-4976-9475-4A1B82726E92}.RelWithDebInfo|Win32.ActiveCfg = RelWithDebInfo|Win32
		{FDF69FAB-3EDF-4976-9475-4A1B82726E92}.RelWithDebInfo|Win32.Build.0 = RelWithDebInfo|Win32
		{D1F57EC0-8199-4DE4-B3C3-296D7DFD6B9B}.Debug|Win32.ActiveCfg = Debug|Win32
		{D1F57EC0-8199-4DE4-B3C3-296D7DFD6B9B}.Release|Win32.ActiveCfg = Release|Win32
		{D1F57EC0-8199-4DE4-B3C3-296D7DFD6B9B}.MinSizeRel|Win32.ActiveCfg = MinSizeRel|Win32
		{D1F57EC0-8199-4DE4-B3C3-296D7DFD6B9B}.RelWithDebInfo|Win32.ActiveCfg = RelWithDebInfo|Win32
		{55AD67D0-C62B-4127-B8FB-B66E4872BBBD}.Debug|Win32.ActiveCfg = Debug|Win32
		{55AD67D0-C62B-4127-B8FB-B66E4872BBBD}.Debug|Win32.Build.0 = Debug|Win32
		{55AD67D0-C62B-4127-B8FB-B66E4872BBBD}.Release|Win32.ActiveCfg = Release|Win32
		{55AD67D0-C62B-4127-B8FB-B66E4872BBBD}.Release|Win32.Build.0 = Release|Win32
		{55AD67D0-C62B-4127-B8FB-B66E4872BBBD}.MinSizeRel|Win32.ActiveCfg = MinSizeRel|Win32
		{55AD67D0-C62B-4127-B8FB-B66E4872BBBD}.MinSizeRel|Win32.Build.0 = MinSizeRel|Win32
		{55AD67D0-C62B-4127-B8FB-B66E4872BBBD}.RelWithDebInfo|Win32.ActiveCfg = RelWithDebInfo|Win32
		{55AD67D0-C62B-4127-B8FB-B66E4872BBBD}.RelWithDebInfo|Win32.Build.0 = RelWithDebInfo|Win32
		{3D21F5C5-5066-4792-A2D5-90C888510DB4}.Debug|Win32.ActiveCfg = Debug|Win32
		{3D21F5C5-5066-4792-A2D5-90C888510DB4}.Debug|Win32.Build.0 = Debug|Win32
		{3D21F5C5-5066-4792-A2D5-90C888510DB4}.Release|Win32.ActiveCfg = Release|Win32
		{3D21F5C5-5066-4792-A2D5-90C888510DB4}.Release|Win32.Build.0 = Release|Win32
		{3D21F5C5-5066-4792-A2D5-90C888510DB4}.MinSizeRel|Win32.ActiveCfg = MinSizeRel|Win32
		{3D21F5C5-5066-4792-A2D5-90C888510DB4}.MinSizeRel|Win32.Build.0 = MinSizeRel|Win32
		{3D21F5C5-5066-4792-A2D5-90C888510DB4}.RelWithDebInfo|Win32.ActiveCfg = RelWithDebInfo|Win32
		{3D21F5C5-5066-4792-A2D5-90C888510DB4}.RelWithDebInfo|Win32.Build.0 = RelWithDebInfo|Win32
	EndGlobalSection
	GlobalSection(ExtensibilityGlobals) = postSolution
	EndGlobalSection
	GlobalSection(ExtensibilityAddIns) = postSolution
	EndGlobalSection
EndGlobal
