<?xml version="1.0" encoding="utf-8"?>
<Project ToolsVersion="12.0" xmlns="http://schemas.microsoft.com/developer/msbuild/2003">
  <ItemGroup>
    <CustomBuild Include="E:\Games\Rockstar Games\Grand Theft Auto Trilogy\SDK\Light_projects\limit_adjuster_gta3vcsa\src\CMakeLists.txt" />
    <CustomBuild Include="CMakeFiles\4b635e79792b103bae58cb514e40ff02\ALL_BUILD.rule">
      <Filter>CMake Rules</Filter>
    </CustomBuild>
  </ItemGroup>
  <ItemGroup>
    <None Include="CMakeFiles\ALL_BUILD" />
  </ItemGroup>
  <ItemGroup>
    <Filter Include="CMake Rules">
      <UniqueIdentifier>{0015A2F1-071E-4689-A9F2-F87DC179972B}</UniqueIdentifier>
    </Filter>
  </ItemGroup>
</Project>
