<?xml version="1.0" encoding="utf-8"?>
<Project ToolsVersion="12.0" xmlns="http://schemas.microsoft.com/developer/msbuild/2003">
  <ItemGroup>
    <ClCompile Include="E:\Games\Rockstar Games\Grand Theft Auto Trilogy\SDK\Light_projects\limit_adjuster_gta3vcsa\src\dllmain.cpp">
      <Filter>Source Files</Filter>
    </ClCompile>
    <ClCompile Include="E:\Games\Rockstar Games\Grand Theft Auto Trilogy\SDK\Light_projects\limit_adjuster_gta3vcsa\src\Pools.cpp">
      <Filter>Source Files</Filter>
    </ClCompile>
    <ClCompile Include="E:\Games\Rockstar Games\Grand Theft Auto Trilogy\SDK\Light_projects\limit_adjuster_gta3vcsa\src\WaterBlocks.cpp">
      <Filter>Source Files</Filter>
    </ClCompile>
    <ClCompile Include="E:\Games\Rockstar Games\Grand Theft Auto Trilogy\SDK\Light_projects\limit_adjuster_gta3vcsa\src\StaticMatrices.cpp">
      <Filter>Source Files</Filter>
    </ClCompile>
    <ClCompile Include="E:\Games\Rockstar Games\Grand Theft Auto Trilogy\SDK\Light_projects\limit_adjuster_gta3vcsa\src\AlphaEntityList.cpp">
      <Filter>Source Files</Filter>
    </ClCompile>
  </ItemGroup>
  <ItemGroup>
    <CustomBuild Include="E:\Games\Rockstar Games\Grand Theft Auto Trilogy\SDK\Light_projects\limit_adjuster_gta3vcsa\src\CMakeLists.txt" />
  </ItemGroup>
  <ItemGroup>
    <Filter Include="Source Files">
      <UniqueIdentifier>{ABB57BD2-0BC2-4F62-9FC0-7EECA5D1E252}</UniqueIdentifier>
    </Filter>
  </ItemGroup>
</Project>
